
Microsoft Visual Studio Solution File, Format Version 12.00
# Visual Studio 15
VisualStudioVersion = 15.0.28307.645
MinimumVisualStudioVersion = 10.0.40219.1
Project("{9092AA53-FB77-4645-B42D-1CCCA6BD08BD}") = "sgcdn", "sgcdn.njsproj", "{AC378E39-06A8-41BB-8130-37BB76E3A1B3}"
EndProject
Global
	GlobalSection(SolutionConfigurationPlatforms) = preSolution
		Debug|Any CPU = Debug|Any CPU
		Release|Any CPU = Release|Any CPU
	EndGlobalSection
	GlobalSection(ProjectConfigurationPlatforms) = postSolution
		{AC378E39-06A8-41BB-8130-37BB76E3A1B3}.Debug|Any CPU.ActiveCfg = Debug|Any CPU
		{AC378E39-06A8-41BB-8130-37BB76E3A1B3}.Debug|Any CPU.Build.0 = Debug|Any CPU
		{AC378E39-06A8-41BB-8130-37BB76E3A1B3}.Release|Any CPU.ActiveCfg = Release|Any CPU
		{AC378E39-06A8-41BB-8130-37BB76E3A1B3}.Release|Any CPU.Build.0 = Release|Any CPU
	EndGlobalSection
	GlobalSection(SolutionProperties) = preSolution
		HideSolutionNode = FALSE
	EndGlobalSection
	GlobalSection(ExtensibilityGlobals) = postSolution
		SolutionGuid = {A5CB777B-4032-48EE-AAC1-A52734755D9F}
	EndGlobalSection
EndGlobal
